
Microsoft Visual Studio Solution File, Format Version 12.00
# Visual Studio Version 16
VisualStudioVersion = 16.0.28917.181
MinimumVisualStudioVersion = 10.0.40219.1
Project("{FAE04EC0-301F-11D3-BF4B-00C04F79EFBC}") = "ADTool", "ADTool\ADTool.csproj", "{68B9EF07-AC13-4884-A41A-837AAC9301FE}"
EndProject
Global
	GlobalSection(SolutionConfigurationPlatforms) = preSolution
		Debug|Any CPU = Debug|Any CPU
		Release|Any CPU = Release|Any CPU
	EndGlobalSection
	GlobalSection(ProjectConfigurationPlatforms) = postSolution
		{68B9EF07-AC13-4884-A41A-837AAC9301FE}.Debug|Any CPU.ActiveCfg = Debug|Any CPU
		{68B9EF07-AC13-4884-A41A-837AAC9301FE}.Debug|Any CPU.Build.0 = Debug|Any CPU
		{68B9EF07-AC13-4884-A41A-837AAC9301FE}.Release|Any CPU.ActiveCfg = Release|Any CPU
		{68B9EF07-AC13-4884-A41A-837AAC9301FE}.Release|Any CPU.Build.0 = Release|Any CPU
	EndGlobalSection
	GlobalSection(SolutionProperties) = preSolution
		HideSolutionNode = FALSE
	EndGlobalSection
	GlobalSection(ExtensibilityGlobals) = postSolution
		SolutionGuid = {2556A943-3EBD-4F9A-926D-E913A63FA5DF}
	EndGlobalSection
EndGlobal
